
Microsoft Visual Studio Solution File, Format Version 12.00
# Visual Studio 2013
VisualStudioVersion = 12.0.40629.0
MinimumVisualStudioVersion = 10.0.40219.1
Project("{8BC9CEB8-8B4A-11D0-8D11-00A0C91BC942}") = "libutils", "libutils\libutils.vcxproj", "{C432B742-F4A2-48C1-971D-EE76E242F684}"
EndProject
Project("{8BC9CEB8-8B4A-11D0-8D11-00A0C91BC942}") = "libstream", "libstream\libstream.vcxproj", "{E62C71A0-1BE7-415C-8246-4CFE4279111C}"
EndProject
Project("{8BC9CEB8-8B4A-11D0-8D11-00A0C91BC942}") = "libdui", "libdui\libdui.vcxproj", "{F9DDEA9A-1325-4CA7-9532-6A09ADB0B0CE}"
EndProject
Project("{8BC9CEB8-8B4A-11D0-8D11-00A0C91BC942}") = "HiVideo", "HiVideo\HiVideo.vcxproj", "{80E50B35-B789-43DB-94B9-E5E2899F54E7}"
	ProjectSection(ProjectDependencies) = postProject
		{ACF98023-FF93-4F23-B79C-16DF44578B97} = {ACF98023-FF93-4F23-B79C-16DF44578B97}
		{63ECB63E-D659-40D5-8467-8960EE764515} = {63ECB63E-D659-40D5-8467-8960EE764515}
		{C432B742-F4A2-48C1-971D-EE76E242F684} = {C432B742-F4A2-48C1-971D-EE76E242F684}
		{F9DDEA9A-1325-4CA7-9532-6A09ADB0B0CE} = {F9DDEA9A-1325-4CA7-9532-6A09ADB0B0CE}
		{E62C71A0-1BE7-415C-8246-4CFE4279111C} = {E62C71A0-1BE7-415C-8246-4CFE4279111C}
		{BF9053D8-37DE-4501-A4C4-F0DB0F00A999} = {BF9053D8-37DE-4501-A4C4-F0DB0F00A999}
	EndProjectSection
EndProject
Project("{8BC9CEB8-8B4A-11D0-8D11-00A0C91BC942}") = "libmatting", "libmatting\libmatting.vcxproj", "{63ECB63E-D659-40D5-8467-8960EE764515}"
EndProject
Project("{8BC9CEB8-8B4A-11D0-8D11-00A0C91BC942}") = "libeffect", "libeffect\libeffect.vcxproj", "{BF9053D8-37DE-4501-A4C4-F0DB0F00A999}"
	ProjectSection(ProjectDependencies) = postProject
		{C432B742-F4A2-48C1-971D-EE76E242F684} = {C432B742-F4A2-48C1-971D-EE76E242F684}
	EndProjectSection
EndProject
Project("{8BC9CEB8-8B4A-11D0-8D11-00A0C91BC942}") = "libcamera", "libcamera\libcamera.vcxproj", "{ACF98023-FF93-4F23-B79C-16DF44578B97}"
EndProject
Project("{8BC9CEB8-8B4A-11D0-8D11-00A0C91BC942}") = "Tools", "Tools\Tools.vcxproj", "{CB38D14C-40C3-4237-B807-166AF42CEEC2}"
EndProject
Project("{8BC9CEB8-8B4A-11D0-8D11-00A0C91BC942}") = "TestCV", "TestCV\TestCV.vcxproj", "{1F1BDC43-9B7B-44C1-A8A6-8408ABCB4AF7}"
EndProject
Global
	GlobalSection(SolutionConfigurationPlatforms) = preSolution
		Debug|Win32 = Debug|Win32
		Debug|x64 = Debug|x64
		Release|Win32 = Release|Win32
		Release|x64 = Release|x64
	EndGlobalSection
	GlobalSection(ProjectConfigurationPlatforms) = postSolution
		{C432B742-F4A2-48C1-971D-EE76E242F684}.Debug|Win32.ActiveCfg = Debug|Win32
		{C432B742-F4A2-48C1-971D-EE76E242F684}.Debug|Win32.Build.0 = Debug|Win32
		{C432B742-F4A2-48C1-971D-EE76E242F684}.Debug|x64.ActiveCfg = Debug|Win32
		{C432B742-F4A2-48C1-971D-EE76E242F684}.Release|Win32.ActiveCfg = Release|Win32
		{C432B742-F4A2-48C1-971D-EE76E242F684}.Release|Win32.Build.0 = Release|Win32
		{C432B742-F4A2-48C1-971D-EE76E242F684}.Release|x64.ActiveCfg = Release|Win32
		{E62C71A0-1BE7-415C-8246-4CFE4279111C}.Debug|Win32.ActiveCfg = Debug|Win32
		{E62C71A0-1BE7-415C-8246-4CFE4279111C}.Debug|Win32.Build.0 = Debug|Win32
		{E62C71A0-1BE7-415C-8246-4CFE4279111C}.Debug|x64.ActiveCfg = Debug|Win32
		{E62C71A0-1BE7-415C-8246-4CFE4279111C}.Release|Win32.ActiveCfg = Release|Win32
		{E62C71A0-1BE7-415C-8246-4CFE4279111C}.Release|Win32.Build.0 = Release|Win32
		{E62C71A0-1BE7-415C-8246-4CFE4279111C}.Release|x64.ActiveCfg = Release|Win32
		{F9DDEA9A-1325-4CA7-9532-6A09ADB0B0CE}.Debug|Win32.ActiveCfg = Debug|Win32
		{F9DDEA9A-1325-4CA7-9532-6A09ADB0B0CE}.Debug|Win32.Build.0 = Debug|Win32
		{F9DDEA9A-1325-4CA7-9532-6A09ADB0B0CE}.Debug|x64.ActiveCfg = Debug|Win32
		{F9DDEA9A-1325-4CA7-9532-6A09ADB0B0CE}.Release|Win32.ActiveCfg = Release|Win32
		{F9DDEA9A-1325-4CA7-9532-6A09ADB0B0CE}.Release|Win32.Build.0 = Release|Win32
		{F9DDEA9A-1325-4CA7-9532-6A09ADB0B0CE}.Release|x64.ActiveCfg = Release|Win32
		{80E50B35-B789-43DB-94B9-E5E2899F54E7}.Debug|Win32.ActiveCfg = Debug|Win32
		{80E50B35-B789-43DB-94B9-E5E2899F54E7}.Debug|Win32.Build.0 = Debug|Win32
		{80E50B35-B789-43DB-94B9-E5E2899F54E7}.Debug|x64.ActiveCfg = Debug|Win32
		{80E50B35-B789-43DB-94B9-E5E2899F54E7}.Release|Win32.ActiveCfg = Release|Win32
		{80E50B35-B789-43DB-94B9-E5E2899F54E7}.Release|Win32.Build.0 = Release|Win32
		{80E50B35-B789-43DB-94B9-E5E2899F54E7}.Release|x64.ActiveCfg = Release|Win32
		{63ECB63E-D659-40D5-8467-8960EE764515}.Debug|Win32.ActiveCfg = Debug|Win32
		{63ECB63E-D659-40D5-8467-8960EE764515}.Debug|Win32.Build.0 = Debug|Win32
		{63ECB63E-D659-40D5-8467-8960EE764515}.Debug|x64.ActiveCfg = Debug|Win32
		{63ECB63E-D659-40D5-8467-8960EE764515}.Release|Win32.ActiveCfg = Release|Win32
		{63ECB63E-D659-40D5-8467-8960EE764515}.Release|Win32.Build.0 = Release|Win32
		{63ECB63E-D659-40D5-8467-8960EE764515}.Release|x64.ActiveCfg = Release|Win32
		{BF9053D8-37DE-4501-A4C4-F0DB0F00A999}.Debug|Win32.ActiveCfg = Debug|Win32
		{BF9053D8-37DE-4501-A4C4-F0DB0F00A999}.Debug|Win32.Build.0 = Debug|Win32
		{BF9053D8-37DE-4501-A4C4-F0DB0F00A999}.Debug|x64.ActiveCfg = Debug|Win32
		{BF9053D8-37DE-4501-A4C4-F0DB0F00A999}.Release|Win32.ActiveCfg = Release|Win32
		{BF9053D8-37DE-4501-A4C4-F0DB0F00A999}.Release|Win32.Build.0 = Release|Win32
		{BF9053D8-37DE-4501-A4C4-F0DB0F00A999}.Release|x64.ActiveCfg = Release|Win32
		{ACF98023-FF93-4F23-B79C-16DF44578B97}.Debug|Win32.ActiveCfg = Debug|Win32
		{ACF98023-FF93-4F23-B79C-16DF44578B97}.Debug|Win32.Build.0 = Debug|Win32
		{ACF98023-FF93-4F23-B79C-16DF44578B97}.Debug|x64.ActiveCfg = Debug|Win32
		{ACF98023-FF93-4F23-B79C-16DF44578B97}.Release|Win32.ActiveCfg = Release|Win32
		{ACF98023-FF93-4F23-B79C-16DF44578B97}.Release|Win32.Build.0 = Release|Win32
		{ACF98023-FF93-4F23-B79C-16DF44578B97}.Release|x64.ActiveCfg = Release|Win32
		{CB38D14C-40C3-4237-B807-166AF42CEEC2}.Debug|Win32.ActiveCfg = Debug|Win32
		{CB38D14C-40C3-4237-B807-166AF42CEEC2}.Debug|Win32.Build.0 = Debug|Win32
		{CB38D14C-40C3-4237-B807-166AF42CEEC2}.Debug|x64.ActiveCfg = Debug|Win32
		{CB38D14C-40C3-4237-B807-166AF42CEEC2}.Release|Win32.ActiveCfg = Release|Win32
		{CB38D14C-40C3-4237-B807-166AF42CEEC2}.Release|Win32.Build.0 = Release|Win32
		{CB38D14C-40C3-4237-B807-166AF42CEEC2}.Release|x64.ActiveCfg = Release|Win32
		{1F1BDC43-9B7B-44C1-A8A6-8408ABCB4AF7}.Debug|Win32.ActiveCfg = Debug|Win32
		{1F1BDC43-9B7B-44C1-A8A6-8408ABCB4AF7}.Debug|Win32.Build.0 = Debug|Win32
		{1F1BDC43-9B7B-44C1-A8A6-8408ABCB4AF7}.Debug|x64.ActiveCfg = Debug|x64
		{1F1BDC43-9B7B-44C1-A8A6-8408ABCB4AF7}.Debug|x64.Build.0 = Debug|x64
		{1F1BDC43-9B7B-44C1-A8A6-8408ABCB4AF7}.Release|Win32.ActiveCfg = Release|Win32
		{1F1BDC43-9B7B-44C1-A8A6-8408ABCB4AF7}.Release|Win32.Build.0 = Release|Win32
		{1F1BDC43-9B7B-44C1-A8A6-8408ABCB4AF7}.Release|x64.ActiveCfg = Release|x64
		{1F1BDC43-9B7B-44C1-A8A6-8408ABCB4AF7}.Release|x64.Build.0 = Release|x64
	EndGlobalSection
	GlobalSection(SolutionProperties) = preSolution
		HideSolutionNode = FALSE
	EndGlobalSection
EndGlobal
